GEM
  specs:
    ffi (1.17.3-arm64-darwin)
    json (2.18.1)
    sqlite3 (2.9.0-arm64-darwin)
    thor (1.5.0)

PLATFORMS
  arm64-darwin-25

DEPENDENCIES
  ffi
  json
  sqlite3
  thor

CHECKSUMS
  ffi (1.17.3-arm64-darwin)
  json (2.18.1)
  sqlite3 (2.9.0-arm64-darwin)
  thor (1.5.0)

BUNDLED WITH
  4.0.6
